{
  "name": "gulp",
  "version": "1.0.0",
  "lockfileVersion": 3,
  "requires": true,
  "packages": {
    "": {
      "name": "gulp",
      "version": "1.0.0",
      "license": "ISC",
      "devDependencies": {
        "-": "^0.0.1",
        "autoprefixer": "^10.4.14",
        "cssnano": "^5.1.15",
        "del": "^6.1.1",
        "dotenv": "^16.0.3",
        "gulp": "^4.0.2",
        "gulp-if": "^3.0.0",
        "gulp-imagemin": "^7.1.0",
        "gulp-newer": "^1.4.0",
        "gulp-noop": "^1.0.1",
        "gulp-plumber": "^1.2.1",
        "gulp-postcss": "^9.0.1",
        "gulp-rename": "^2.0.0",
        "gulp-sass": "^5.1.0",
        "gulp-sourcemaps": "^3.0.0",
        "gulp-uglify": "^3.0.2",
        "postcss": "^8.4.21",
        "sass": "^1.59.3"
      }
    },
    "../node_modules/.pnpm/-@0.0.1/node_modules/-": {
      "version": "0.0.1",
      "dev": true,
      "license": "UNLICENSED",
      "devDependencies": {
        "@types/node": "13.9.0",
        "ts-node": "8.6.2",
        "typescript": "3.8.3"
      }
    },
    "../node_modules/.pnpm/autoprefixer@10.4.14_postcss@8.4.21/node_modules/autoprefixer": {
      "version": "10.4.14",
      "dev": true,
      "funding": [
        {
          "type": "opencollective",
          "url": "https://opencollective.com/postcss/"
        },
        {
          "type": "tidelift",
          "url": "https://tidelift.com/funding/github/npm/autoprefixer"
        }
      ],
      "license": "MIT",
      "dependencies": {
        "browserslist": "^4.21.5",
        "caniuse-lite": "^1.0.30001464",
        "fraction.js": "^4.2.0",
        "normalize-range": "^0.1.2",
        "picocolors": "^1.0.0",
        "postcss-value-parser": "^4.2.0"
      },
      "bin": {
        "autoprefixer": "bin/autoprefixer"
      },
      "engines": {
        "node": "^10 || ^12 || >=14"
      },
      "peerDependencies": {
        "postcss": "^8.1.0"
      }
    },
    "../node_modules/.pnpm/cssnano@5.1.15_postcss@8.4.21/node_modules/cssnano": {
      "version": "5.1.15",
      "dev": true,
      "license": "MIT",
      "dependencies": {
        "cssnano-preset-default": "^5.2.14",
        "lilconfig": "^2.0.3",
        "yaml": "^1.10.2"
      },
      "devDependencies": {
        "autoprefixer": "^10.4.12",
        "cssnano-preset-advanced": "^5.3.10",
        "cssnano-preset-lite": "^2.1.3",
        "postcss": "^8.2.15"
      },
      "engines": {
        "node": "^10 || ^12 || >=14.0"
      },
      "funding": {
        "type": "opencollective",
        "url": "https://opencollective.com/cssnano"
      },
      "peerDependencies": {
        "postcss": "^8.2.15"
      }
    },
    "../node_modules/.pnpm/del@6.1.1/node_modules/del": {
      "version": "6.1.1",
      "dev": true,
      "license": "MIT",
      "dependencies": {
        "globby": "^11.0.1",
        "graceful-fs": "^4.2.4",
        "is-glob": "^4.0.1",
        "is-path-cwd": "^2.2.0",
        "is-path-inside": "^3.0.2",
        "p-map": "^4.0.0",
        "rimraf": "^3.0.2",
        "slash": "^3.0.0"
      },
      "devDependencies": {
        "ava": "^2.4.0",
        "benchmark": "^2.1.4",
        "make-dir": "^3.1.0",
        "tempy": "^0.7.0",
        "tsd": "^0.13.1",
        "xo": "^0.33.1"
      },
      "engines": {
        "node": ">=10"
      },
      "funding": {
        "url": "https://github.com/sponsors/sindresorhus"
      }
    },
    "../node_modules/.pnpm/dotenv@16.0.3/node_modules/dotenv": {
      "version": "16.0.3",
      "dev": true,
      "license": "BSD-2-Clause",
      "devDependencies": {
        "@types/node": "^17.0.9",
        "decache": "^4.6.1",
        "dtslint": "^3.7.0",
        "sinon": "^12.0.1",
        "standard": "^16.0.4",
        "standard-markdown": "^7.1.0",
        "standard-version": "^9.3.2",
        "tap": "^15.1.6",
        "tar": "^6.1.11",
        "typescript": "^4.5.4"
      },
      "engines": {
        "node": ">=12"
      }
    },
    "../node_modules/.pnpm/gulp-if@3.0.0/node_modules/gulp-if": {
      "version": "3.0.0",
      "dev": true,
      "license": "MIT",
      "dependencies": {
        "gulp-match": "^1.1.0",
        "ternary-stream": "^3.0.0",
        "through2": "^3.0.1"
      },
      "devDependencies": {
        "end-of-stream": "^1.4.1",
        "graceful-fs": "^4.2.0",
        "jshint": "^2.10.2",
        "mkdirp": "^0.5.1",
        "mocha": "^6.1.4",
        "rimraf": "^2.6.3",
        "should": "^13.2.3",
        "stream-exhaust": "^1.0.2",
        "vinyl-fs": "^3.0.3"
      }
    },
    "../node_modules/.pnpm/gulp-imagemin@7.1.0_gulp@4.0.2/node_modules/gulp-imagemin": {
      "version": "7.1.0",
      "dev": true,
      "license": "MIT",
      "dependencies": {
        "chalk": "^3.0.0",
        "fancy-log": "^1.3.2",
        "imagemin": "^7.0.0",
        "plugin-error": "^1.0.1",
        "plur": "^3.0.1",
        "pretty-bytes": "^5.3.0",
        "through2-concurrent": "^2.0.0"
      },
      "devDependencies": {
        "ava": "^2.3.0",
        "get-stream": "^5.1.0",
        "imagemin-pngquant": "^8.0.0",
        "vinyl": "^2.2.0",
        "xo": "^0.25.3"
      },
      "engines": {
        "node": ">=10"
      },
      "funding": {
        "url": "https://github.com/sponsors/sindresorhus"
      },
      "optionalDependencies": {
        "imagemin-gifsicle": "^7.0.0",
        "imagemin-mozjpeg": "^8.0.0",
        "imagemin-optipng": "^7.0.0",
        "imagemin-svgo": "^7.0.0"
      },
      "peerDependencies": {
        "gulp": ">=4"
      },
      "peerDependenciesMeta": {
        "gulp": {
          "optional": true
        }
      }
    },
    "../node_modules/.pnpm/gulp-newer@1.4.0/node_modules/gulp-newer": {
      "version": "1.4.0",
      "dev": true,
      "license": "MIT",
      "dependencies": {
        "glob": "^7.0.3",
        "kew": "^0.7.0",
        "plugin-error": "^0.1.2"
      },
      "devDependencies": {
        "chai": "^4.1.2",
        "eslint": "^4.14.0",
        "eslint-config-tschaub": "^9.0.0",
        "gulp": "^3.9.1",
        "mocha": "^4.1.0",
        "mock-fs": "^4.4.2",
        "vinyl": "^2.1.0"
      }
    },
    "../node_modules/.pnpm/gulp-noop@1.0.1/node_modules/gulp-noop": {
      "version": "1.0.1",
      "dev": true,
      "license": "MIT",
      "dependencies": {
        "through2": "^2.0.0"
      },
      "engines": {
        "node": ">=0.10"
      }
    },
    "../node_modules/.pnpm/gulp-plumber@1.2.1/node_modules/gulp-plumber": {
      "version": "1.2.1",
      "dev": true,
      "license": "MIT",
      "dependencies": {
        "chalk": "^1.1.3",
        "fancy-log": "^1.3.2",
        "plugin-error": "^0.1.2",
        "through2": "^2.0.3"
      },
      "devDependencies": {
        "coveralls": "^2.11.6",
        "event-stream": "3.3.4",
        "gulp": "^3.9.1",
        "istanbul": "^0.4.2",
        "mocha": "^2.4.5",
        "mocha-lcov-reporter": "^1.0.0",
        "should": "^8.2.2",
        "through": "^2.3.8",
        "xo": "^0.12.1"
      },
      "engines": {
        "node": ">=0.10",
        "npm": ">=1.2.10"
      }
    },
    "../node_modules/.pnpm/gulp-postcss@9.0.1_postcss@8.4.21/node_modules/gulp-postcss": {
      "version": "9.0.1",
      "dev": true,
      "license": "MIT",
      "dependencies": {
        "fancy-log": "^1.3.3",
        "plugin-error": "^1.0.1",
        "postcss-load-config": "^3.0.0",
        "vinyl-sourcemaps-apply": "^0.2.1"
      },
      "devDependencies": {
        "eslint": "^5.16.0",
        "gulp-sourcemaps": "^2.6.5",
        "mocha": "^5.2.0",
        "nyc": "^12.0.2",
        "postcss": "^8.0.0",
        "proxyquire": "^2.1.0",
        "sinon": "^6.3.5",
        "vinyl": "^2.2.0"
      },
      "engines": {
        "node": "^10 || ^12 || >=14"
      },
      "peerDependencies": {
        "postcss": "^8.0.0"
      }
    },
    "../node_modules/.pnpm/gulp-rename@2.0.0/node_modules/gulp-rename": {
      "version": "2.0.0",
      "dev": true,
      "license": "MIT",
      "devDependencies": {
        "gulp": "^4.0.2",
        "gulp-sourcemaps": "^2.6.5",
        "map-stream": "^0.0.7",
        "mocha": "^6.0.0",
        "prettier": "^1.19.1",
        "should": "^13.2.3",
        "vinyl": "^2.0.0"
      },
      "engines": {
        "node": ">=4"
      }
    },
    "../node_modules/.pnpm/gulp-sass@5.1.0/node_modules/gulp-sass": {
      "version": "5.1.0",
      "dev": true,
      "license": "MIT",
      "dependencies": {
        "lodash.clonedeep": "^4.5.0",
        "picocolors": "^1.0.0",
        "plugin-error": "^1.0.1",
        "replace-ext": "^2.0.0",
        "strip-ansi": "^6.0.1",
        "vinyl-sourcemaps-apply": "^0.2.1"
      },
      "devDependencies": {
        "autoprefixer": "^10.4.0",
        "eslint": "^8.5.0",
        "eslint-config-airbnb-base": "^15.0.0",
        "eslint-plugin-import": "^2.25.3",
        "globule": "^1.3.3",
        "gulp": "^4.0.2",
        "gulp-postcss": "^9.0.1",
        "gulp-sourcemaps": "^3.0.0",
        "gulp-tap": "^2.0.0",
        "mocha": "^9.1.3",
        "node-sass": "^7.0.1",
        "postcss": "^8.4.5",
        "rimraf": "^3.0.2",
        "sass": "^1.45.1",
        "vinyl": "^2.2.1"
      },
      "engines": {
        "node": ">=12"
      }
    },
    "../node_modules/.pnpm/gulp-sourcemaps@3.0.0/node_modules/gulp-sourcemaps": {
      "version": "3.0.0",
      "dev": true,
      "license": "ISC",
      "dependencies": {
        "@gulp-sourcemaps/identity-map": "^2.0.1",
        "@gulp-sourcemaps/map-sources": "^1.0.0",
        "acorn": "^6.4.1",
        "convert-source-map": "^1.0.0",
        "css": "^3.0.0",
        "debug-fabulous": "^1.0.0",
        "detect-newline": "^2.0.0",
        "graceful-fs": "^4.0.0",
        "source-map": "^0.6.0",
        "strip-bom-string": "^1.0.0",
        "through2": "^2.0.0"
      },
      "devDependencies": {
        "bootstrap": "^3.4.1",
        "eslint": "^5.16.0",
        "eslint-config-gulp": "^3.0.1",
        "expect": "^1.20.2",
        "gulp": "^4.0.0",
        "gulp-concat": "^2.6.1",
        "gulp-if": "^2.0.2",
        "gulp-less": "^3.0.0",
        "gulp-load-plugins": "^1.5.0",
        "hook-std": "0.2.X",
        "istanbul": "^0.4.3",
        "istanbul-coveralls": "^1.0.3",
        "mississippi": "1.X",
        "mocha": "^3.5.3",
        "object-assign": "^4.1.1",
        "rimraf": "^2.6.3",
        "vinyl": "^2.2.0"
      },
      "engines": {
        "node": ">= 6"
      }
    },
    "../node_modules/.pnpm/gulp-uglify@3.0.2/node_modules/gulp-uglify": {
      "version": "3.0.2",
      "dev": true,
      "license": "MIT",
      "dependencies": {
        "array-each": "^1.0.1",
        "extend-shallow": "^3.0.2",
        "gulplog": "^1.0.0",
        "has-gulplog": "^0.1.0",
        "isobject": "^3.0.1",
        "make-error-cause": "^1.1.1",
        "safe-buffer": "^5.1.2",
        "through2": "^2.0.0",
        "uglify-js": "^3.0.5",
        "vinyl-sourcemaps-apply": "^0.2.0"
      },
      "devDependencies": {
        "eslint": "^3.18.0",
        "eslint-config-prettier": "^2.1.0",
        "eslint-config-xo": "^0.18.1",
        "eslint-plugin-no-use-extend-native": "^0.3.12",
        "eslint-plugin-prettier": "^2.0.1",
        "eslint-plugin-unicorn": "^2.1.0",
        "power-assert": "^1.4.1",
        "prettier": "^1.1.0",
        "source-list-map": "^1.1.2",
        "tape": "^4.9.1",
        "tape-catch": "^1.0.6",
        "testdouble": "^2.1.2",
        "vinyl": "^2.0.0"
      }
    },
    "../node_modules/.pnpm/gulp@4.0.2/node_modules/gulp": {
      "version": "4.0.2",
      "dev": true,
      "license": "MIT",
      "dependencies": {
        "glob-watcher": "^5.0.3",
        "gulp-cli": "^2.2.0",
        "undertaker": "^1.2.1",
        "vinyl-fs": "^3.0.0"
      },
      "bin": {
        "gulp": "bin/gulp.js"
      },
      "devDependencies": {
        "coveralls": "github:phated/node-coveralls#2.x",
        "eslint": "^2.13.1",
        "eslint-config-gulp": "^3.0.1",
        "expect": "^1.20.2",
        "mkdirp": "^0.5.1",
        "mocha": "^3.0.0",
        "nyc": "^10.3.2",
        "rimraf": "^2.6.3"
      },
      "engines": {
        "node": ">= 0.10"
      }
    },
    "../node_modules/.pnpm/postcss@8.4.21/node_modules/postcss": {
      "version": "8.4.21",
      "dev": true,
      "funding": [
        {
          "type": "opencollective",
          "url": "https://opencollective.com/postcss/"
        },
        {
          "type": "tidelift",
          "url": "https://tidelift.com/funding/github/npm/postcss"
        }
      ],
      "license": "MIT",
      "dependencies": {
        "nanoid": "^3.3.4",
        "picocolors": "^1.0.0",
        "source-map-js": "^1.0.2"
      },
      "engines": {
        "node": "^10 || ^12 || >=14"
      }
    },
    "../node_modules/.pnpm/sass@1.59.3/node_modules/sass": {
      "version": "1.59.3",
      "dev": true,
      "license": "MIT",
      "dependencies": {
        "chokidar": ">=3.0.0 <4.0.0",
        "immutable": "^4.0.0",
        "source-map-js": ">=0.6.2 <2.0.0"
      },
      "bin": {
        "sass": "sass.js"
      },
      "engines": {
        "node": ">=12.0.0"
      }
    },
    "node_modules/-": {
      "resolved": "../node_modules/.pnpm/-@0.0.1/node_modules/-",
      "link": true
    },
    "node_modules/autoprefixer": {
      "resolved": "../node_modules/.pnpm/autoprefixer@10.4.14_postcss@8.4.21/node_modules/autoprefixer",
      "link": true
    },
    "node_modules/cssnano": {
      "resolved": "../node_modules/.pnpm/cssnano@5.1.15_postcss@8.4.21/node_modules/cssnano",
      "link": true
    },
    "node_modules/del": {
      "resolved": "../node_modules/.pnpm/del@6.1.1/node_modules/del",
      "link": true
    },
    "node_modules/dotenv": {
      "resolved": "../node_modules/.pnpm/dotenv@16.0.3/node_modules/dotenv",
      "link": true
    },
    "node_modules/gulp": {
      "resolved": "../node_modules/.pnpm/gulp@4.0.2/node_modules/gulp",
      "link": true
    },
    "node_modules/gulp-if": {
      "resolved": "../node_modules/.pnpm/gulp-if@3.0.0/node_modules/gulp-if",
      "link": true
    },
    "node_modules/gulp-imagemin": {
      "resolved": "../node_modules/.pnpm/gulp-imagemin@7.1.0_gulp@4.0.2/node_modules/gulp-imagemin",
      "link": true
    },
    "node_modules/gulp-newer": {
      "resolved": "../node_modules/.pnpm/gulp-newer@1.4.0/node_modules/gulp-newer",
      "link": true
    },
    "node_modules/gulp-noop": {
      "resolved": "../node_modules/.pnpm/gulp-noop@1.0.1/node_modules/gulp-noop",
      "link": true
    },
    "node_modules/gulp-plumber": {
      "resolved": "../node_modules/.pnpm/gulp-plumber@1.2.1/node_modules/gulp-plumber",
      "link": true
    },
    "node_modules/gulp-postcss": {
      "resolved": "../node_modules/.pnpm/gulp-postcss@9.0.1_postcss@8.4.21/node_modules/gulp-postcss",
      "link": true
    },
    "node_modules/gulp-rename": {
      "resolved": "../node_modules/.pnpm/gulp-rename@2.0.0/node_modules/gulp-rename",
      "link": true
    },
    "node_modules/gulp-sass": {
      "resolved": "../node_modules/.pnpm/gulp-sass@5.1.0/node_modules/gulp-sass",
      "link": true
    },
    "node_modules/gulp-sourcemaps": {
      "resolved": "../node_modules/.pnpm/gulp-sourcemaps@3.0.0/node_modules/gulp-sourcemaps",
      "link": true
    },
    "node_modules/gulp-uglify": {
      "resolved": "../node_modules/.pnpm/gulp-uglify@3.0.2/node_modules/gulp-uglify",
      "link": true
    },
    "node_modules/postcss": {
      "resolved": "../node_modules/.pnpm/postcss@8.4.21/node_modules/postcss",
      "link": true
    },
    "node_modules/sass": {
      "resolved": "../node_modules/.pnpm/sass@1.59.3/node_modules/sass",
      "link": true
    }
  }
}
